
Microsoft Visual Studio Solution File, Format Version 12.00
# Visual Studio Version 16
VisualStudioVersion = 16.0.31005.135
MinimumVisualStudioVersion = 10.0.40219.1
Project("{8BC9CEB8-8B4A-11D0-8D11-00A0C91BC942}") = "Brown-Robinson-Method", "Brown-Robinson-Method\Brown-Robinson-Method.vcxproj", "{3CB53286-1809-45EB-A5B2-722EF0C106A9}"
EndProject
Global
	GlobalSection(SolutionConfigurationPlatforms) = preSolution
		Debug|x64 = Debug|x64
		Debug|x86 = Debug|x86
		Release|x64 = Release|x64
		Release|x86 = Release|x86
	EndGlobalSection
	GlobalSection(ProjectConfigurationPlatforms) = postSolution
		{3CB53286-1809-45EB-A5B2-722EF0C106A9}.Debug|x64.ActiveCfg = Debug|x64
		{3CB53286-1809-45EB-A5B2-722EF0C106A9}.Debug|x64.Build.0 = Debug|x64
		{3CB53286-1809-45EB-A5B2-722EF0C106A9}.Debug|x86.ActiveCfg = Debug|Win32
		{3CB53286-1809-45EB-A5B2-722EF0C106A9}.Debug|x86.Build.0 = Debug|Win32
		{3CB53286-1809-45EB-A5B2-722EF0C106A9}.Release|x64.ActiveCfg = Release|x64
		{3CB53286-1809-45EB-A5B2-722EF0C106A9}.Release|x64.Build.0 = Release|x64
		{3CB53286-1809-45EB-A5B2-722EF0C106A9}.Release|x86.ActiveCfg = Release|Win32
		{3CB53286-1809-45EB-A5B2-722EF0C106A9}.Release|x86.Build.0 = Release|Win32
	EndGlobalSection
	GlobalSection(SolutionProperties) = preSolution
		HideSolutionNode = FALSE
	EndGlobalSection
	GlobalSection(ExtensibilityGlobals) = postSolution
		SolutionGuid = {4A369AB1-D7BE-4384-BECA-55623E65E447}
	EndGlobalSection
EndGlobal
